{
  "name": "myanmar-news-rss",
  "version": "1.0.0",
  "lockfileVersion": 3,
  "requires": true,
  "packages": {
    "": {
      "name": "myanmar-news-rss",
      "version": "1.0.0",
      "dependencies": {
        "@rgrove/parse-xml": "5.0.0"
      },
      "engines": {
        "node": ">=24.0.0"
      }
    },
    "node_modules/@rgrove/parse-xml": {
      "version": "5.0.0",
      "resolved": "https://registry.npmjs.org/@rgrove/parse-xml/-/parse-xml-5.0.0.tgz",
      "integrity": "sha512-SgHFyisNAkS2ZbM8SCriUm1N0bxLiz0POKvpDeAtrnLrXaYG1PawNwu1rSjmE/vcVHbZzYWNgVP6xkep6R4uXg==",
      "license": "ISC",
      "engines": {
        "node": ">=22.12.0"
      }
    }
  }
}
